// !$*UTF8*$!
{
	archiveVersion = 1;
	classes = {
	};
	objectVersion = 46;
	objects = {

/* Begin PBXBuildFile section */
		20CD250B20F70740001DA537 /* AppDelegate.m in Sources */ = {isa = PBXBuildFile; fileRef = 20CD250A20F70740001DA537 /* AppDelegate.m */; };
		20CD250E20F70740001DA537 /* main.m in Sources */ = {isa = PBXBuildFile; fileRef = 20CD250D20F70740001DA537 /* main.m */; };
		20CD251020F70740001DA537 /* Assets.xcassets in Resources */ = {isa = PBXBuildFile; fileRef = 20CD250F20F70740001DA537 /* Assets.xcassets */; };
		20CD251320F70740001DA537 /* MainMenu.xib in Resources */ = {isa = PBXBuildFile; fileRef = 20CD251120F70740001DA537 /* MainMenu.xib */; };
/* End PBXBuildFile section */

/* Begin PBXFileReference section */
		20CD250620F70740001DA537 /* myPatttern.app */ = {isa = PBXFileReference; explicitFileType = wrapper.application; includeInIndex = 0; path = myPatttern.app; sourceTree = BUILT_PRODUCTS_DIR; };
		20CD250920F70740001DA537 /* AppDelegate.h */ = {isa = PBXFileReference; lastKnownFileType = sourcecode.c.h; path = AppDelegate.h; sourceTree = "<group>"; };
		20CD250A20F70740001DA537 /* AppDelegate.m */ = {isa = PBXFileReference; lastKnownFileType = sourcecode.c.objc; path = AppDelegate.m; sourceTree = "<group>"; };
		20CD250D20F70740001DA537 /* main.m */ = {isa = PBXFileReference; lastKnownFileType = sourcecode.c.objc; path = main.m; sourceTree = "<group>"; };
		20CD250F20F70740001DA537 /* Assets.xcassets */ = {isa = PBXFileReference; lastKnownFileType = folder.assetcatalog; path = Assets.xcassets; sourceTree = "<group>"; };
		20CD251220F70740001DA537 /* Base */ = {isa = PBXFileReference; lastKnownFileType = file.xib; name = Base; path = Base.lproj/MainMenu.xib; sourceTree = "<group>"; };
		20CD251420F70740001DA537 /* Info.plist */ = {isa = PBXFileReference; lastKnownFileType = text.plist.xml; path = Info.plist; sourceTree = "<group>"; };
/* End PBXFileReference section */

/* Begin PBXFrameworksBuildPhase section */
		20CD250320F70740001DA537 /* Frameworks */ = {
			isa = PBXFrameworksBuildPhase;
			buildActionMask = 2147483647;
			files = (
			);
			runOnlyForDeploymentPostprocessing = 0;
		};
/* End PBXFrameworksBuildPhase section */

/* Begin PBXGroup section */
		20CD24FD20F70740001DA537 = {
			isa = PBXGroup;
			children = (
				20CD250820F70740001DA537 /* myPatttern */,
				20CD250720F70740001DA537 /* Products */,
			);
			sourceTree = "<group>";
		};
		20CD250720F70740001DA537 /* Products */ = {
			isa = PBXGroup;
			children = (
				20CD250620F70740001DA537 /* myPatttern.app */,
			);
			name = Products;
			sourceTree = "<group>";
		};
		20CD250820F70740001DA537 /* myPatttern */ = {
			isa = PBXGroup;
			children = (
				20CD250920F70740001DA537 /* AppDelegate.h */,
				20CD250A20F70740001DA537 /* AppDelegate.m */,
				20CD250F20F70740001DA537 /* Assets.xcassets */,
				20CD251120F70740001DA537 /* MainMenu.xib */,
				20CD251420F70740001DA537 /* Info.plist */,
				20CD250C20F70740001DA537 /* Supporting Files */,
			);
			path = myPatttern;
			sourceTree = "<group>";
		};
		20CD250C20F70740001DA537 /* Supporting Files */ = {
			isa = PBXGroup;
			children = (
				20CD250D20F70740001DA537 /* main.m */,
			);
			name = "Supporting Files";
			sourceTree = "<group>";
		};
/* End PBXGroup section */

/* Begin PBXNativeTarget section */
		20CD250520F70740001DA537 /* myPatttern */ = {
			isa = PBXNativeTarget;
			buildConfigurationList = 20CD251720F70740001DA537 /* Build configuration list for PBXNativeTarget "myPatttern" */;
			buildPhases = (
				20CD250220F70740001DA537 /* Sources */,
				20CD250320F70740001DA537 /* Frameworks */,
				20CD250420F70740001DA537 /* Resources */,
			);
			buildRules = (
			);
			dependencies = (
			);
			name = myPatttern;
			productName = myPatttern;
			productReference = 20CD250620F70740001DA537 /* myPatttern.app */;
			productType = "com.apple.product-type.application";
		};
/* End PBXNativeTarget section */

/* Begin PBXProject section */
		20CD24FE20F70740001DA537 /* Project object */ = {
			isa = PBXProject;
			attributes = {
				LastUpgradeCheck = 0700;
				ORGANIZATIONNAME = "HHC-MAC";
				TargetAttributes = {
					20CD250520F70740001DA537 = {
						CreatedOnToolsVersion = 7.0;
					};
				};
			};
			buildConfigurationList = 20CD250120F70740001DA537 /* Build configuration list for PBXProject "myPatttern" */;
			compatibilityVersion = "Xcode 3.2";
			developmentRegion = English;
			hasScannedForEncodings = 0;
			knownRegions = (
				en,
				Base,
			);
			mainGroup = 20CD24FD20F70740001DA537;
			productRefGroup = 20CD250720F70740001DA537 /* Products */;
			projectDirPath = "";
			projectRoot = "";
			targets = (
				20CD250520F70740001DA537 /* myPatttern */,
			);
		};
/* End PBXProject section */

/* Begin PBXResourcesBuildPhase section */
		20CD250420F70740001DA537 /* Resources */ = {
			isa = PBXResourcesBuildPhase;
			buildActionMask = 2147483647;
			files = (
				20CD251020F70740001DA537 /* Assets.xcassets in Resources */,
				20CD251320F70740001DA537 /* MainMenu.xib in Resources */,
			);
			runOnlyForDeploymentPostprocessing = 0;
		};
/* End PBXResourcesBuildPhase section */

/* Begin PBXSourcesBuildPhase section */
		20CD250220F70740001DA537 /* Sources */ = {
			isa = PBXSourcesBuildPhase;
			buildActionMask = 2147483647;
			files = (
				20CD250E20F70740001DA537 /* main.m in Sources */,
				20CD250B20F70740001DA537 /* AppDelegate.m in Sources */,
			);
			runOnlyForDeploymentPostprocessing = 0;
		};
/* End PBXSourcesBuildPhase section */

/* Begin PBXVariantGroup section */
		20CD251120F70740001DA537 /* MainMenu.xib */ = {
			isa = PBXVariantGroup;
			children = (
				20CD251220F70740001DA537 /* Base */,
			);
			name = MainMenu.xib;
			sourceTree = "<group>";
		};
/* End PBXVariantGroup section */

/* Begin XCBuildConfiguration section */
		20CD251520F70740001DA537 /* Debug */ = {
			isa = XCBuildConfiguration;
			buildSettings = {
				ALWAYS_SEARCH_USER_PATHS = NO;
				CLANG_CXX_LANGUAGE_STANDARD = "gnu++0x";
				CLANG_CXX_LIBRARY = "libc++";
				CLANG_ENABLE_MODULES = YES;
				CLANG_ENABLE_OBJC_ARC = YES;
				CLANG_WARN_BOOL_CONVERSION = YES;
				CLANG_WARN_CONSTANT_CONVERSION = YES;
				CLANG_WARN_DIRECT_OBJC_ISA_USAGE = YES_ERROR;
				CLANG_WARN_EMPTY_BODY = YES;
				CLANG_WARN_ENUM_CONVERSION = YES;
				CLANG_WARN_INT_CONVERSION = YES;
				CLANG_WARN_OBJC_ROOT_CLASS = YES_ERROR;
				CLANG_WARN_UNREACHABLE_CODE = YES;
				CLANG_WARN__DUPLICATE_METHOD_MATCH = YES;
				CODE_SIGN_IDENTITY = "-";
				COPY_PHASE_STRIP = NO;
				DEBUG_INFORMATION_FORMAT = dwarf;
				ENABLE_STRICT_OBJC_MSGSEND = YES;
				ENABLE_TESTABILITY = YES;
				GCC_C_LANGUAGE_STANDARD = gnu99;
				GCC_DYNAMIC_NO_PIC = NO;
				GCC_NO_COMMON_BLOCKS = YES;
				GCC_OPTIMIZATION_LEVEL = 0;
				GCC_PREPROCESSOR_DEFINITIONS = (
					"DEBUG=1",
					"$(inherited)",
				);
				GCC_WARN_64_TO_32_BIT_CONVERSION = YES;
				GCC_WARN_ABOUT_RETURN_TYPE = YES_ERROR;
				GCC_WARN_UNDECLARED_SELECTOR = YES;
				GCC_WARN_UNINITIALIZED_AUTOS = YES_AGGRESSIVE;
				GCC_WARN_UNUSED_FUNCTION = YES;
				GCC_WARN_UNUSED_VARIABLE = YES;
				MACOSX_DEPLOYMENT_TARGET = 10.11;
				MTL_ENABLE_DEBUG_INFO = YES;
				ONLY_ACTIVE_ARCH = YES;
				SDKROOT = macosx;
			};
			name = Debug;
		};
		20CD251620F70740001DA537 /* Release */ = {
			isa = XCBuildConfiguration;
			buildSettings = {
				ALWAYS_SEARCH_USER_PATHS = NO;
				CLANG_CXX_LANGUAGE_STANDARD = "gnu++0x";
				CLANG_CXX_LIBRARY = "libc++";
				CLANG_ENABLE_MODULES = YES;
				CLANG_ENABLE_OBJC_ARC = YES;
				CLANG_WARN_BOOL_CONVERSION = YES;
				CLANG_WARN_CONSTANT_CONVERSION = YES;
				CLANG_WARN_DIRECT_OBJC_ISA_USAGE = YES_ERROR;
				CLANG_WARN_EMPTY_BODY = YES;
				CLANG_WARN_ENUM_CONVERSION = YES;
				CLANG_WARN_INT_CONVERSION = YES;
				CLANG_WARN_OBJC_ROOT_CLASS = YES_ERROR;
				CLANG_WARN_UNREACHABLE_CODE = YES;
				CLANG_WARN__DUPLICATE_METHOD_MATCH = YES;
				CODE_SIGN_IDENTITY = "-";
				COPY_PHASE_STRIP = NO;
				DEBUG_INFORMATION_FORMAT = "dwarf-with-dsym";
				ENABLE_NS_ASSERTIONS = NO;
				ENABLE_STRICT_OBJC_MSGSEND = YES;
				GCC_C_LANGUAGE_STANDARD = gnu99;
				GCC_NO_COMMON_BLOCKS = YES;
				GCC_WARN_64_TO_32_BIT_CONVERSION = YES;
				GCC_WARN_ABOUT_RETURN_TYPE = YES_ERROR;
				GCC_WARN_UNDECLARED_SELECTOR = YES;
				GCC_WARN_UNINITIALIZED_AUTOS = YES_AGGRESSIVE;
				GCC_WARN_UNUSED_FUNCTION = YES;
				GCC_WARN_UNUSED_VARIABLE = YES;
				MACOSX_DEPLOYMENT_TARGET = 10.11;
				MTL_ENABLE_DEBUG_INFO = NO;
				SDKROOT = macosx;
			};
			name = Release;
		};
		20CD251820F70740001DA537 /* Debug */ = {
			isa = XCBuildConfiguration;
			buildSettings = {
				ASSETCATALOG_COMPILER_APPICON_NAME = AppIcon;
				COMBINE_HIDPI_IMAGES = YES;
				INFOPLIST_FILE = myPatttern/Info.plist;
				LD_RUNPATH_SEARCH_PATHS = "$(inherited) @executable_path/../Frameworks";
				PRODUCT_BUNDLE_IDENTIFIER = com.hhc.myPatttern;
				PRODUCT_NAME = "$(TARGET_NAME)";
			};
			name = Debug;
		};
		20CD251920F70740001DA537 /* Release */ = {
			isa = XCBuildConfiguration;
			buildSettings = {
				ASSETCATALOG_COMPILER_APPICON_NAME = AppIcon;
				COMBINE_HIDPI_IMAGES = YES;
				INFOPLIST_FILE = myPatttern/Info.plist;
				LD_RUNPATH_SEARCH_PATHS = "$(inherited) @executable_path/../Frameworks";
				PRODUCT_BUNDLE_IDENTIFIER = com.hhc.myPatttern;
				PRODUCT_NAME = "$(TARGET_NAME)";
			};
			name = Release;
		};
/* End XCBuildConfiguration section */

/* Begin XCConfigurationList section */
		20CD250120F70740001DA537 /* Build configuration list for PBXProject "myPatttern" */ = {
			isa = XCConfigurationList;
			buildConfigurations = (
				20CD251520F70740001DA537 /* Debug */,
				20CD251620F70740001DA537 /* Release */,
			);
			defaultConfigurationIsVisible = 0;
			defaultConfigurationName = Release;
		};
		20CD251720F70740001DA537 /* Build configuration list for PBXNativeTarget "myPatttern" */ = {
			isa = XCConfigurationList;
			buildConfigurations = (
				20CD251820F70740001DA537 /* Debug */,
				20CD251920F70740001DA537 /* Release */,
			);
			defaultConfigurationIsVisible = 0;
		};
/* End XCConfigurationList section */
	};
	rootObject = 20CD24FE20F70740001DA537 /* Project object */;
}
